
Microsoft Visual Studio Solution File, Format Version 12.00
# Visual Studio Version 17
VisualStudioVersion = 17.6.33829.357
MinimumVisualStudioVersion = 10.0.40219.1
Project("{FAE04EC0-301F-11D3-BF4B-00C04F79EFBC}") = "MapeTablasProyectos", "MapeTablasProyectos\MapeTablasProyectos.csproj", "{DBE0D162-50EA-4139-A5FB-1D333DEFD84C}"
EndProject
Global
	GlobalSection(SolutionConfigurationPlatforms) = preSolution
		Debug|Any CPU = Debug|Any CPU
		Release|Any CPU = Release|Any CPU
	EndGlobalSection
	GlobalSection(ProjectConfigurationPlatforms) = postSolution
		{DBE0D162-50EA-4139-A5FB-1D333DEFD84C}.Debug|Any CPU.ActiveCfg = Debug|Any CPU
		{DBE0D162-50EA-4139-A5FB-1D333DEFD84C}.Debug|Any CPU.Build.0 = Debug|Any CPU
		{DBE0D162-50EA-4139-A5FB-1D333DEFD84C}.Release|Any CPU.ActiveCfg = Release|Any CPU
		{DBE0D162-50EA-4139-A5FB-1D333DEFD84C}.Release|Any CPU.Build.0 = Release|Any CPU
	EndGlobalSection
	GlobalSection(SolutionProperties) = preSolution
		HideSolutionNode = FALSE
	EndGlobalSection
	GlobalSection(ExtensibilityGlobals) = postSolution
		SolutionGuid = {69C60B05-2738-4770-837A-195310A943F2}
	EndGlobalSection
EndGlobal
